{
  "name": "h5-game",
  "lockfileVersion": 3,
  "requires": true,
  "packages": {
    "": {
      "dependencies": {
        "redis": "^5.5.6"
      }
    },
    "node_modules/@redis/bloom": {
      "version": "5.5.6",
      "license": "MIT",
      "engines": {
        "node": ">= 18"
      },
      "peerDependencies": {
        "@redis/client": "^5.5.6"
      }
    },
    "node_modules/@redis/client": {
      "version": "5.5.6",
      "license": "MIT",
      "dependencies": {
        "cluster-key-slot": "1.1.2"
      },
      "engines": {
        "node": ">= 18"
      }
    },
    "node_modules/@redis/json": {
      "version": "5.5.6",
      "license": "MIT",
      "engines": {
        "node": ">= 18"
      },
      "peerDependencies": {
        "@redis/client": "^5.5.6"
      }
    },
    "node_modules/@redis/search": {
      "version": "5.5.6",
      "license": "MIT",
      "engines": {
        "node": ">= 18"
      },
      "peerDependencies": {
        "@redis/client": "^5.5.6"
      }
    },
    "node_modules/@redis/time-series": {
      "version": "5.5.6",
      "license": "MIT",
      "engines": {
        "node": ">= 18"
      },
      "peerDependencies": {
        "@redis/client": "^5.5.6"
      }
    },
    "node_modules/cluster-key-slot": {
      "version": "1.1.2",
      "license": "Apache-2.0",
      "engines": {
        "node": ">=0.10.0"
      }
    },
    "node_modules/redis": {
      "version": "5.5.6",
      "resolved": "https://registry.npmmirror.com/redis/-/redis-5.5.6.tgz",
      "integrity": "sha512-hbpqBfcuhWHOS9YLNcXcJ4akNr7HFX61Dq3JuFZ9S7uU7C7kvnzuH2PDIXOP62A3eevvACoG8UacuXP3N07xdg==",
      "license": "MIT",
      "dependencies": {
        "@redis/bloom": "5.5.6",
        "@redis/client": "5.5.6",
        "@redis/json": "5.5.6",
        "@redis/search": "5.5.6",
        "@redis/time-series": "5.5.6"
      },
      "engines": {
        "node": ">= 18"
      }
    }
  }
}
